
Microsoft Visual Studio Solution File, Format Version 12.00
# Visual Studio Version 17
VisualStudioVersion = 17.4.33205.214
MinimumVisualStudioVersion = 10.0.40219.1
Project("{FAE04EC0-301F-11D3-BF4B-00C04F79EFBC}") = "WatchApp", "WatchApp.csproj", "{6ECA2390-0536-4D1B-A6A4-9F01968A7B6D}"
EndProject
Global
	GlobalSection(SolutionConfigurationPlatforms) = preSolution
		Debug|Any CPU = Debug|Any CPU
		Release|Any CPU = Release|Any CPU
	EndGlobalSection
	GlobalSection(ProjectConfigurationPlatforms) = postSolution
		{6ECA2390-0536-4D1B-A6A4-9F01968A7B6D}.Debug|Any CPU.ActiveCfg = Debug|Any CPU
		{6ECA2390-0536-4D1B-A6A4-9F01968A7B6D}.Debug|Any CPU.Build.0 = Debug|Any CPU
		{6ECA2390-0536-4D1B-A6A4-9F01968A7B6D}.Release|Any CPU.ActiveCfg = Release|Any CPU
		{6ECA2390-0536-4D1B-A6A4-9F01968A7B6D}.Release|Any CPU.Build.0 = Release|Any CPU
	EndGlobalSection
	GlobalSection(SolutionProperties) = preSolution
		HideSolutionNode = FALSE
	EndGlobalSection
	GlobalSection(ExtensibilityGlobals) = postSolution
		SolutionGuid = {BABBAD42-DA8D-4B04-B6CD-D54CCAE3C702}
	EndGlobalSection
EndGlobal
